
Microsoft Visual Studio Solution File, Format Version 12.00
# Visual Studio Version 17
VisualStudioVersion = 17.9.34728.123
MinimumVisualStudioVersion = 10.0.40219.1
Project("{FAE04EC0-301F-11D3-BF4B-00C04F79EFBC}") = "ConsoleApp1", "ConsoleApp1.csproj", "{9613106E-BC71-436E-9527-9B78F114552A}"
EndProject
Global
	GlobalSection(SolutionConfigurationPlatforms) = preSolution
		Debug|Any CPU = Debug|Any CPU
		Release|Any CPU = Release|Any CPU
	EndGlobalSection
	GlobalSection(ProjectConfigurationPlatforms) = postSolution
		{9613106E-BC71-436E-9527-9B78F114552A}.Debug|Any CPU.ActiveCfg = Debug|Any CPU
		{9613106E-BC71-436E-9527-9B78F114552A}.Debug|Any CPU.Build.0 = Debug|Any CPU
		{9613106E-BC71-436E-9527-9B78F114552A}.Release|Any CPU.ActiveCfg = Release|Any CPU
		{9613106E-BC71-436E-9527-9B78F114552A}.Release|Any CPU.Build.0 = Release|Any CPU
	EndGlobalSection
	GlobalSection(SolutionProperties) = preSolution
		HideSolutionNode = FALSE
	EndGlobalSection
	GlobalSection(ExtensibilityGlobals) = postSolution
		SolutionGuid = {F1A91ACA-85D9-4C3E-BAD0-47AE5DF25948}
	EndGlobalSection
EndGlobal
